
Microsoft Visual Studio Solution File, Format Version 12.00
# Visual Studio Version 16
VisualStudioVersion = 16.0.31613.86
MinimumVisualStudioVersion = 10.0.40219.1
Project("{FAE04EC0-301F-11D3-BF4B-00C04F79EFBC}") = "ConsoleAppNewStart", "ConsoleAppNewStart\ConsoleAppNewStart.csproj", "{D9330551-AE5D-4278-836E-FEE085902575}"
EndProject
Global
	GlobalSection(SolutionConfigurationPlatforms) = preSolution
		Debug|Any CPU = Debug|Any CPU
		Release|Any CPU = Release|Any CPU
	EndGlobalSection
	GlobalSection(ProjectConfigurationPlatforms) = postSolution
		{D9330551-AE5D-4278-836E-FEE085902575}.Debug|Any CPU.ActiveCfg = Debug|Any CPU
		{D9330551-AE5D-4278-836E-FEE085902575}.Debug|Any CPU.Build.0 = Debug|Any CPU
		{D9330551-AE5D-4278-836E-FEE085902575}.Release|Any CPU.ActiveCfg = Release|Any CPU
		{D9330551-AE5D-4278-836E-FEE085902575}.Release|Any CPU.Build.0 = Release|Any CPU
	EndGlobalSection
	GlobalSection(SolutionProperties) = preSolution
		HideSolutionNode = FALSE
	EndGlobalSection
	GlobalSection(ExtensibilityGlobals) = postSolution
		SolutionGuid = {D022104C-0194-4710-B4CB-2085BB3652B7}
	EndGlobalSection
EndGlobal
